
Microsoft Visual Studio Solution File, Format Version 12.00
# Visual Studio 14
VisualStudioVersion = 14.0.25123.0
MinimumVisualStudioVersion = 10.0.40219.1
Project("{888888A0-9F3D-457C-B088-3A5042F75D52}") = "Tutorial", "Tutorial.pyproj", "{976CA5E1-B4CE-43E5-B9DA-2B683199E84F}"
EndProject
Project("{2150E333-8FDC-42A3-9474-1A3956D46DE8}") = "Week_1", "Week_1", "{CA4D1EC5-5A43-47A2-9B02-EBEBD1F3D999}"
EndProject
Project("{888888A0-9F3D-457C-B088-3A5042F75D52}") = "SimplePlotting", "..\SimplePlotting\SimplePlotting.pyproj", "{1FE6BDFD-4F1A-4F58-8907-E860BA474188}"
EndProject
Project("{888888A0-9F3D-457C-B088-3A5042F75D52}") = "AdvancedPlotting", "AdvancedPlotting\AdvancedPlotting.pyproj", "{1308A271-0F0D-45B6-877F-3660D99C2F7B}"
EndProject
Project("{2150E333-8FDC-42A3-9474-1A3956D46DE8}") = "Week_2", "Week_2", "{BFA53645-37BE-4D74-B7C3-52F52C7FF397}"
EndProject
Project("{888888A0-9F3D-457C-B088-3A5042F75D52}") = "MeanAndStandardDeviation", "..\MeanAndStandardDeviation\MeanAndStandardDeviation.pyproj", "{227A2DE4-CB95-4499-BB07-05943141FC24}"
EndProject
Project("{2150E333-8FDC-42A3-9474-1A3956D46DE8}") = "Week_3", "Week_3", "{2072C11F-2B0A-46B9-8284-54DD30FAC267}"
EndProject
Project("{888888A0-9F3D-457C-B088-3A5042F75D52}") = "CorrelatedUncertainties", "..\1_Mean_and_StandardDeviation\CorrelatedUncertainties.pyproj", "{5F8DBD52-2B8A-4092-8426-293C43924BB9}"
EndProject
Project("{888888A0-9F3D-457C-B088-3A5042F75D52}") = "ErrorPropagation", "..\ErrorPropagation\ErrorPropagation.pyproj", "{B2498D8A-3F51-4ADB-A93E-2F1BFA83414D}"
EndProject
Project("{888888A0-9F3D-457C-B088-3A5042F75D52}") = "Track_Probability", "..\Track_Probability\Track_Probability.pyproj", "{D9D790B0-7E0D-4BF6-A54B-3B4EBE8D43DC}"
EndProject
Project("{2150E333-8FDC-42A3-9474-1A3956D46DE8}") = "Week_4", "Week_4", "{EF30EEB7-6CCF-49FE-8B10-22BC47152DBF}"
EndProject
Project("{2150E333-8FDC-42A3-9474-1A3956D46DE8}") = "Week_6", "Week_6", "{6C2BCED6-DC3A-405B-9F59-5488C7860E1A}"
EndProject
Project("{888888A0-9F3D-457C-B088-3A5042F75D52}") = "MonteCarloIntegration", "..\MonteCarloIntegration\MonteCarloIntegration.pyproj", "{4BFB4551-9F30-469C-9D37-AFB63A11A431}"
EndProject
Project("{2150E333-8FDC-42A3-9474-1A3956D46DE8}") = "Week_7", "Week_7", "{0468A4E2-A92F-4956-BD24-D9C51D443BFE}"
EndProject
Project("{888888A0-9F3D-457C-B088-3A5042F75D52}") = "Convolution", "..\Convolution\Convolution.pyproj", "{09DD053C-2CF9-45F1-9E32-45B045BCB6DE}"
EndProject
Project("{888888A0-9F3D-457C-B088-3A5042F75D52}") = "BreitWignerFaltung", "BreitWignerFaltung\BreitWignerFaltung.pyproj", "{3DC6EDD3-3F6D-4038-BF5F-D3CF06DD9592}"
EndProject
Global
	GlobalSection(SolutionConfigurationPlatforms) = preSolution
		Debug|Any CPU = Debug|Any CPU
		Release|Any CPU = Release|Any CPU
	EndGlobalSection
	GlobalSection(ProjectConfigurationPlatforms) = postSolution
		{976CA5E1-B4CE-43E5-B9DA-2B683199E84F}.Debug|Any CPU.ActiveCfg = Debug|Any CPU
		{976CA5E1-B4CE-43E5-B9DA-2B683199E84F}.Release|Any CPU.ActiveCfg = Release|Any CPU
		{1FE6BDFD-4F1A-4F58-8907-E860BA474188}.Debug|Any CPU.ActiveCfg = Debug|Any CPU
		{1FE6BDFD-4F1A-4F58-8907-E860BA474188}.Release|Any CPU.ActiveCfg = Release|Any CPU
		{1308A271-0F0D-45B6-877F-3660D99C2F7B}.Debug|Any CPU.ActiveCfg = Debug|Any CPU
		{1308A271-0F0D-45B6-877F-3660D99C2F7B}.Release|Any CPU.ActiveCfg = Release|Any CPU
		{227A2DE4-CB95-4499-BB07-05943141FC24}.Debug|Any CPU.ActiveCfg = Debug|Any CPU
		{227A2DE4-CB95-4499-BB07-05943141FC24}.Release|Any CPU.ActiveCfg = Release|Any CPU
		{5F8DBD52-2B8A-4092-8426-293C43924BB9}.Debug|Any CPU.ActiveCfg = Debug|Any CPU
		{5F8DBD52-2B8A-4092-8426-293C43924BB9}.Release|Any CPU.ActiveCfg = Release|Any CPU
		{B2498D8A-3F51-4ADB-A93E-2F1BFA83414D}.Debug|Any CPU.ActiveCfg = Debug|Any CPU
		{B2498D8A-3F51-4ADB-A93E-2F1BFA83414D}.Release|Any CPU.ActiveCfg = Release|Any CPU
		{D9D790B0-7E0D-4BF6-A54B-3B4EBE8D43DC}.Debug|Any CPU.ActiveCfg = Debug|Any CPU
		{D9D790B0-7E0D-4BF6-A54B-3B4EBE8D43DC}.Release|Any CPU.ActiveCfg = Release|Any CPU
		{4BFB4551-9F30-469C-9D37-AFB63A11A431}.Debug|Any CPU.ActiveCfg = Debug|Any CPU
		{4BFB4551-9F30-469C-9D37-AFB63A11A431}.Release|Any CPU.ActiveCfg = Release|Any CPU
		{09DD053C-2CF9-45F1-9E32-45B045BCB6DE}.Debug|Any CPU.ActiveCfg = Debug|Any CPU
		{09DD053C-2CF9-45F1-9E32-45B045BCB6DE}.Release|Any CPU.ActiveCfg = Release|Any CPU
		{3DC6EDD3-3F6D-4038-BF5F-D3CF06DD9592}.Debug|Any CPU.ActiveCfg = Debug|Any CPU
		{3DC6EDD3-3F6D-4038-BF5F-D3CF06DD9592}.Release|Any CPU.ActiveCfg = Release|Any CPU
	EndGlobalSection
	GlobalSection(SolutionProperties) = preSolution
		HideSolutionNode = FALSE
	EndGlobalSection
	GlobalSection(NestedProjects) = preSolution
		{976CA5E1-B4CE-43E5-B9DA-2B683199E84F} = {CA4D1EC5-5A43-47A2-9B02-EBEBD1F3D999}
		{1FE6BDFD-4F1A-4F58-8907-E860BA474188} = {CA4D1EC5-5A43-47A2-9B02-EBEBD1F3D999}
		{1308A271-0F0D-45B6-877F-3660D99C2F7B} = {CA4D1EC5-5A43-47A2-9B02-EBEBD1F3D999}
		{227A2DE4-CB95-4499-BB07-05943141FC24} = {BFA53645-37BE-4D74-B7C3-52F52C7FF397}
		{5F8DBD52-2B8A-4092-8426-293C43924BB9} = {2072C11F-2B0A-46B9-8284-54DD30FAC267}
		{B2498D8A-3F51-4ADB-A93E-2F1BFA83414D} = {2072C11F-2B0A-46B9-8284-54DD30FAC267}
		{D9D790B0-7E0D-4BF6-A54B-3B4EBE8D43DC} = {EF30EEB7-6CCF-49FE-8B10-22BC47152DBF}
		{4BFB4551-9F30-469C-9D37-AFB63A11A431} = {6C2BCED6-DC3A-405B-9F59-5488C7860E1A}
		{09DD053C-2CF9-45F1-9E32-45B045BCB6DE} = {0468A4E2-A92F-4956-BD24-D9C51D443BFE}
		{3DC6EDD3-3F6D-4038-BF5F-D3CF06DD9592} = {0468A4E2-A92F-4956-BD24-D9C51D443BFE}
	EndGlobalSection
EndGlobal
